// !$*UTF8*$!
{
	archiveVersion = 1;
	classes = {
	};
	objectVersion = 46;
	objects = {

/* Begin PBXBuildFile section */
		C12CB0DC1CC541E600758F19 /* Service.swift in Sources */ = {isa = PBXBuildFile; fileRef = C12CB0DB1CC541E600758F19 /* Service.swift */; };
		C13DCDAA1CC8D9B300AA9098 /* Gnr.swift in Sources */ = {isa = PBXBuildFile; fileRef = C13DCDA81CC8D9B300AA9098 /* Gnr.swift */; };
		C13DCDAC1CC8DF0600AA9098 /* GnrBuilder.swift in Sources */ = {isa = PBXBuildFile; fileRef = C13DCDAB1CC8DF0600AA9098 /* GnrBuilder.swift */; };
		C13DCDB01CC923CB00AA9098 /* SecurityTableViewController.swift in Sources */ = {isa = PBXBuildFile; fileRef = C13DCDAF1CC923CB00AA9098 /* SecurityTableViewController.swift */; };
		C13DCDB41CC924BA00AA9098 /* SecurityBaseController.swift in Sources */ = {isa = PBXBuildFile; fileRef = C13DCDB31CC924BA00AA9098 /* SecurityBaseController.swift */; };
		C14487181CEA362A00077835 /* Lato-Bold.ttf in Resources */ = {isa = PBXBuildFile; fileRef = C14487171CEA362A00077835 /* Lato-Bold.ttf */; };
		C144871A1CEA363800077835 /* Lato-Regular.ttf in Resources */ = {isa = PBXBuildFile; fileRef = C14487191CEA363800077835 /* Lato-Regular.ttf */; };
		C154F7C11CC6A46200A8A171 /* FeaturedTableViewController.swift in Sources */ = {isa = PBXBuildFile; fileRef = C154F7C01CC6A46200A8A171 /* FeaturedTableViewController.swift */; };
		C154F7C31CC78C5C00A8A171 /* CoreDataStack.swift in Sources */ = {isa = PBXBuildFile; fileRef = C154F7C21CC78C5C00A8A171 /* CoreDataStack.swift */; };
		C154F7C81CC7C48300A8A171 /* ServicesTableViewCell.swift in Sources */ = {isa = PBXBuildFile; fileRef = C154F7C61CC7C48300A8A171 /* ServicesTableViewCell.swift */; };
		C154F7C91CC7C48300A8A171 /* ServicesTableViewCell.xib in Resources */ = {isa = PBXBuildFile; fileRef = C154F7C71CC7C48300A8A171 /* ServicesTableViewCell.xib */; };
		C154F7CB1CC7D37000A8A171 /* JSONParser.swift in Sources */ = {isa = PBXBuildFile; fileRef = C154F7CA1CC7D37000A8A171 /* JSONParser.swift */; };
		C154F7CE1CC7F3B700A8A171 /* GnrAPIService.swift in Sources */ = {isa = PBXBuildFile; fileRef = C154F7CD1CC7F3B700A8A171 /* GnrAPIService.swift */; };
		C1729E201CEB381800F0681C /* GnrTableViewCell.swift in Sources */ = {isa = PBXBuildFile; fileRef = C1729E1F1CEB381800F0681C /* GnrTableViewCell.swift */; };
		C1729E221CEB38E600F0681C /* PspTableViewCell.swift in Sources */ = {isa = PBXBuildFile; fileRef = C1729E211CEB38E600F0681C /* PspTableViewCell.swift */; };
		C1764A4D1CEDCB9A00E9E7C4 /* WebViewController.swift in Sources */ = {isa = PBXBuildFile; fileRef = C1764A4C1CEDCB9A00E9E7C4 /* WebViewController.swift */; };
		C17C459F1CEB2711007B3822 /* GnrTableViewCell.xib in Resources */ = {isa = PBXBuildFile; fileRef = C17C459E1CEB2711007B3822 /* GnrTableViewCell.xib */; };
		C17C45A11CEB271E007B3822 /* PspTableViewCell.xib in Resources */ = {isa = PBXBuildFile; fileRef = C17C45A01CEB271E007B3822 /* PspTableViewCell.xib */; };
		C188AB701CD7616A00A8A8AE /* DetailTableViewController.swift in Sources */ = {isa = PBXBuildFile; fileRef = C188AB6F1CD7616A00A8A8AE /* DetailTableViewController.swift */; };
		C188AB721CD7617C00A8A8AE /* DetailTableViewCell.swift in Sources */ = {isa = PBXBuildFile; fileRef = C188AB711CD7617C00A8A8AE /* DetailTableViewCell.swift */; };
		C188E7A71CCA3AB200644F01 /* Psp.swift in Sources */ = {isa = PBXBuildFile; fileRef = C188E7A51CCA3AB200644F01 /* Psp.swift */; };
		C188E7A91CCA3ADC00644F01 /* PSPBuilder.swift in Sources */ = {isa = PBXBuildFile; fileRef = C188E7A81CCA3ADC00644F01 /* PSPBuilder.swift */; };
		C188E7AB1CCA3D2800644F01 /* PspAPIService.swift in Sources */ = {isa = PBXBuildFile; fileRef = C188E7AA1CCA3D2800644F01 /* PspAPIService.swift */; };
		C188E7AF1CCA3F3400644F01 /* MapViewController.swift in Sources */ = {isa = PBXBuildFile; fileRef = C188E7AE1CCA3F3400644F01 /* MapViewController.swift */; };
		C18A823F1CBC255500FB3087 /* AppDelegate.swift in Sources */ = {isa = PBXBuildFile; fileRef = C18A823E1CBC255500FB3087 /* AppDelegate.swift */; };
		C18A82441CBC255500FB3087 /* Main.storyboard in Resources */ = {isa = PBXBuildFile; fileRef = C18A82421CBC255500FB3087 /* Main.storyboard */; };
		C18A82471CBC255500FB3087 /* maiMobile_iOS.xcdatamodeld in Sources */ = {isa = PBXBuildFile; fileRef = C18A82451CBC255500FB3087 /* maiMobile_iOS.xcdatamodeld */; };
		C18A82491CBC255500FB3087 /* Assets.xcassets in Resources */ = {isa = PBXBuildFile; fileRef = C18A82481CBC255500FB3087 /* Assets.xcassets */; };
		C18A824C1CBC255500FB3087 /* LaunchScreen.storyboard in Resources */ = {isa = PBXBuildFile; fileRef = C18A824A1CBC255500FB3087 /* LaunchScreen.storyboard */; };
		C1A08DD01CC40D5400906EFE /* ServiceBuilder.swift in Sources */ = {isa = PBXBuildFile; fileRef = C1A08DCF1CC40D5400906EFE /* ServiceBuilder.swift */; };
		C1C490A81CE1EB1700BB1019 /* Force.swift in Sources */ = {isa = PBXBuildFile; fileRef = C1C490A61CE1EB1700BB1019 /* Force.swift */; };
		C1DF40D91CD2194A003D6156 /* MapKit.framework in Frameworks */ = {isa = PBXBuildFile; fileRef = C1DF40D81CD2194A003D6156 /* MapKit.framework */; };
		C1DF40DB1CD22AB2003D6156 /* CoreLocation.framework in Frameworks */ = {isa = PBXBuildFile; fileRef = C1DF40DA1CD22AB2003D6156 /* CoreLocation.framework */; };
		C1E7AC321CBE9F11004D00A3 /* MaiAPI.swift in Sources */ = {isa = PBXBuildFile; fileRef = C1E7AC311CBE9F11004D00A3 /* MaiAPI.swift */; };
		C1E7AC341CBEA56C004D00A3 /* Fetcher.swift in Sources */ = {isa = PBXBuildFile; fileRef = C1E7AC331CBEA56C004D00A3 /* Fetcher.swift */; };
		C1EF47C01CD3757600EBF5E5 /* Utils.swift in Sources */ = {isa = PBXBuildFile; fileRef = C1EF47BF1CD3757600EBF5E5 /* Utils.swift */; };
		C1FA47A61CC64D0E00458920 /* ServiceController.swift in Sources */ = {isa = PBXBuildFile; fileRef = C1FA47A51CC64D0E00458920 /* ServiceController.swift */; };
		C1FA47CB1CC674B700458920 /* ServicesTableViewController.swift in Sources */ = {isa = PBXBuildFile; fileRef = C1FA47CA1CC674B700458920 /* ServicesTableViewController.swift */; };
		C1FE35251CBD4D2A00F7B745 /* ServicesAPIService.swift in Sources */ = {isa = PBXBuildFile; fileRef = C1FE35241CBD4D2A00F7B745 /* ServicesAPIService.swift */; };
		C1FE35281CBD57B200F7B745 /* XMLParser.swift in Sources */ = {isa = PBXBuildFile; fileRef = C1FE35271CBD57B200F7B745 /* XMLParser.swift */; };
/* End PBXBuildFile section */

/* Begin PBXFileReference section */
		C12CB0DB1CC541E600758F19 /* Service.swift */ = {isa = PBXFileReference; fileEncoding = 4; lastKnownFileType = sourcecode.swift; path = Service.swift; sourceTree = "<group>"; };
		C13DCDA81CC8D9B300AA9098 /* Gnr.swift */ = {isa = PBXFileReference; fileEncoding = 4; lastKnownFileType = sourcecode.swift; path = Gnr.swift; sourceTree = "<group>"; };
		C13DCDAB1CC8DF0600AA9098 /* GnrBuilder.swift */ = {isa = PBXFileReference; fileEncoding = 4; lastKnownFileType = sourcecode.swift; path = GnrBuilder.swift; sourceTree = "<group>"; };
		C13DCDAF1CC923CB00AA9098 /* SecurityTableViewController.swift */ = {isa = PBXFileReference; fileEncoding = 4; lastKnownFileType = sourcecode.swift; path = SecurityTableViewController.swift; sourceTree = "<group>"; };
		C13DCDB31CC924BA00AA9098 /* SecurityBaseController.swift */ = {isa = PBXFileReference; fileEncoding = 4; lastKnownFileType = sourcecode.swift; path = SecurityBaseController.swift; sourceTree = "<group>"; };
		C14487171CEA362A00077835 /* Lato-Bold.ttf */ = {isa = PBXFileReference; lastKnownFileType = file; path = "Lato-Bold.ttf"; sourceTree = "<group>"; };
		C14487191CEA363800077835 /* Lato-Regular.ttf */ = {isa = PBXFileReference; lastKnownFileType = file; path = "Lato-Regular.ttf"; sourceTree = "<group>"; };
		C154F7C01CC6A46200A8A171 /* FeaturedTableViewController.swift */ = {isa = PBXFileReference; fileEncoding = 4; lastKnownFileType = sourcecode.swift; path = FeaturedTableViewController.swift; sourceTree = "<group>"; };
		C154F7C21CC78C5C00A8A171 /* CoreDataStack.swift */ = {isa = PBXFileReference; fileEncoding = 4; lastKnownFileType = sourcecode.swift; path = CoreDataStack.swift; sourceTree = "<group>"; };
		C154F7C61CC7C48300A8A171 /* ServicesTableViewCell.swift */ = {isa = PBXFileReference; fileEncoding = 4; lastKnownFileType = sourcecode.swift; name = ServicesTableViewCell.swift; path = ../ServicesTableViewCell.swift; sourceTree = "<group>"; };
		C154F7C71CC7C48300A8A171 /* ServicesTableViewCell.xib */ = {isa = PBXFileReference; fileEncoding = 4; lastKnownFileType = file.xib; name = ServicesTableViewCell.xib; path = ../ServicesTableViewCell.xib; sourceTree = "<group>"; };
		C154F7CA1CC7D37000A8A171 /* JSONParser.swift */ = {isa = PBXFileReference; fileEncoding = 4; lastKnownFileType = sourcecode.swift; path = JSONParser.swift; sourceTree = "<group>"; };
		C154F7CD1CC7F3B700A8A171 /* GnrAPIService.swift */ = {isa = PBXFileReference; fileEncoding = 4; lastKnownFileType = sourcecode.swift; path = GnrAPIService.swift; sourceTree = "<group>"; };
		C1729E1F1CEB381800F0681C /* GnrTableViewCell.swift */ = {isa = PBXFileReference; fileEncoding = 4; lastKnownFileType = sourcecode.swift; path = GnrTableViewCell.swift; sourceTree = "<group>"; };
		C1729E211CEB38E600F0681C /* PspTableViewCell.swift */ = {isa = PBXFileReference; fileEncoding = 4; lastKnownFileType = sourcecode.swift; path = PspTableViewCell.swift; sourceTree = "<group>"; };
		C1764A4C1CEDCB9A00E9E7C4 /* WebViewController.swift */ = {isa = PBXFileReference; fileEncoding = 4; lastKnownFileType = sourcecode.swift; path = WebViewController.swift; sourceTree = "<group>"; };
		C17C459E1CEB2711007B3822 /* GnrTableViewCell.xib */ = {isa = PBXFileReference; fileEncoding = 4; lastKnownFileType = file.xib; path = GnrTableViewCell.xib; sourceTree = "<group>"; };
		C17C45A01CEB271E007B3822 /* PspTableViewCell.xib */ = {isa = PBXFileReference; fileEncoding = 4; lastKnownFileType = file.xib; path = PspTableViewCell.xib; sourceTree = "<group>"; };
		C17E7BC61CF2079A00291E7F /* Lato-Light.ttf */ = {isa = PBXFileReference; lastKnownFileType = file; path = "Lato-Light.ttf"; sourceTree = "<group>"; };
		C188AB6F1CD7616A00A8A8AE /* DetailTableViewController.swift */ = {isa = PBXFileReference; fileEncoding = 4; lastKnownFileType = sourcecode.swift; path = DetailTableViewController.swift; sourceTree = "<group>"; };
		C188AB711CD7617C00A8A8AE /* DetailTableViewCell.swift */ = {isa = PBXFileReference; fileEncoding = 4; lastKnownFileType = sourcecode.swift; path = DetailTableViewCell.swift; sourceTree = "<group>"; };
		C188E7A51CCA3AB200644F01 /* Psp.swift */ = {isa = PBXFileReference; fileEncoding = 4; lastKnownFileType = sourcecode.swift; name = Psp.swift; path = ../Psp.swift; sourceTree = "<group>"; };
		C188E7A81CCA3ADC00644F01 /* PSPBuilder.swift */ = {isa = PBXFileReference; fileEncoding = 4; lastKnownFileType = sourcecode.swift; path = PSPBuilder.swift; sourceTree = "<group>"; };
		C188E7AA1CCA3D2800644F01 /* PspAPIService.swift */ = {isa = PBXFileReference; fileEncoding = 4; lastKnownFileType = sourcecode.swift; path = PspAPIService.swift; sourceTree = "<group>"; };
		C188E7AE1CCA3F3400644F01 /* MapViewController.swift */ = {isa = PBXFileReference; fileEncoding = 4; lastKnownFileType = sourcecode.swift; path = MapViewController.swift; sourceTree = "<group>"; };
		C18A823B1CBC255500FB3087 /* maiMobile-iOS.app */ = {isa = PBXFileReference; explicitFileType = wrapper.application; includeInIndex = 0; path = "maiMobile-iOS.app"; sourceTree = BUILT_PRODUCTS_DIR; };
		C18A823E1CBC255500FB3087 /* AppDelegate.swift */ = {isa = PBXFileReference; lastKnownFileType = sourcecode.swift; path = AppDelegate.swift; sourceTree = "<group>"; };
		C18A82431CBC255500FB3087 /* Base */ = {isa = PBXFileReference; lastKnownFileType = file.storyboard; name = Base; path = Base.lproj/Main.storyboard; sourceTree = "<group>"; };
		C18A82461CBC255500FB3087 /* maiMobile_iOS.xcdatamodel */ = {isa = PBXFileReference; lastKnownFileType = wrapper.xcdatamodel; path = maiMobile_iOS.xcdatamodel; sourceTree = "<group>"; };
		C18A82481CBC255500FB3087 /* Assets.xcassets */ = {isa = PBXFileReference; lastKnownFileType = folder.assetcatalog; path = Assets.xcassets; sourceTree = "<group>"; };
		C18A824B1CBC255500FB3087 /* Base */ = {isa = PBXFileReference; lastKnownFileType = file.storyboard; name = Base; path = Base.lproj/LaunchScreen.storyboard; sourceTree = "<group>"; };
		C18A824D1CBC255500FB3087 /* Info.plist */ = {isa = PBXFileReference; lastKnownFileType = text.plist.xml; path = Info.plist; sourceTree = "<group>"; };
		C1A08DCF1CC40D5400906EFE /* ServiceBuilder.swift */ = {isa = PBXFileReference; fileEncoding = 4; lastKnownFileType = sourcecode.swift; name = ServiceBuilder.swift; path = ../ServiceBuilder.swift; sourceTree = "<group>"; };
		C1C490A61CE1EB1700BB1019 /* Force.swift */ = {isa = PBXFileReference; fileEncoding = 4; lastKnownFileType = sourcecode.swift; path = Force.swift; sourceTree = "<group>"; };
		C1DF40D81CD2194A003D6156 /* MapKit.framework */ = {isa = PBXFileReference; lastKnownFileType = wrapper.framework; name = MapKit.framework; path = System/Library/Frameworks/MapKit.framework; sourceTree = SDKROOT; };
		C1DF40DA1CD22AB2003D6156 /* CoreLocation.framework */ = {isa = PBXFileReference; lastKnownFileType = wrapper.framework; name = CoreLocation.framework; path = System/Library/Frameworks/CoreLocation.framework; sourceTree = SDKROOT; };
		C1E7AC311CBE9F11004D00A3 /* MaiAPI.swift */ = {isa = PBXFileReference; fileEncoding = 4; lastKnownFileType = sourcecode.swift; path = MaiAPI.swift; sourceTree = "<group>"; };
		C1E7AC331CBEA56C004D00A3 /* Fetcher.swift */ = {isa = PBXFileReference; fileEncoding = 4; lastKnownFileType = sourcecode.swift; path = Fetcher.swift; sourceTree = "<group>"; };
		C1EF47BF1CD3757600EBF5E5 /* Utils.swift */ = {isa = PBXFileReference; fileEncoding = 4; lastKnownFileType = sourcecode.swift; path = Utils.swift; sourceTree = "<group>"; };
		C1FA47A51CC64D0E00458920 /* ServiceController.swift */ = {isa = PBXFileReference; fileEncoding = 4; lastKnownFileType = sourcecode.swift; name = ServiceController.swift; path = ../ServiceController.swift; sourceTree = "<group>"; };
		C1FA47CA1CC674B700458920 /* ServicesTableViewController.swift */ = {isa = PBXFileReference; fileEncoding = 4; lastKnownFileType = sourcecode.swift; path = ServicesTableViewController.swift; sourceTree = "<group>"; };
		C1FE35241CBD4D2A00F7B745 /* ServicesAPIService.swift */ = {isa = PBXFileReference; fileEncoding = 4; lastKnownFileType = sourcecode.swift; path = ServicesAPIService.swift; sourceTree = "<group>"; };
		C1FE35271CBD57B200F7B745 /* XMLParser.swift */ = {isa = PBXFileReference; fileEncoding = 4; lastKnownFileType = sourcecode.swift; path = XMLParser.swift; sourceTree = "<group>"; };
/* End PBXFileReference section */

/* Begin PBXFrameworksBuildPhase section */
		C18A82381CBC255500FB3087 /* Frameworks */ = {
			isa = PBXFrameworksBuildPhase;
			buildActionMask = 2147483647;
			files = (
				C1DF40DB1CD22AB2003D6156 /* CoreLocation.framework in Frameworks */,
				C1DF40D91CD2194A003D6156 /* MapKit.framework in Frameworks */,
			);
			runOnlyForDeploymentPostprocessing = 0;
		};
/* End PBXFrameworksBuildPhase section */

/* Begin PBXGroup section */
		C13DCDAD1CC9239100AA9098 /* Main ViewControllers */ = {
			isa = PBXGroup;
			children = (
				C1FA47C81CC664B400458920 /* MaiServices */,
				C13DCDAE1CC923AF00AA9098 /* Segurança */,
				C1764A4C1CEDCB9A00E9E7C4 /* WebViewController.swift */,
			);
			name = "Main ViewControllers";
			sourceTree = "<group>";
		};
		C13DCDAE1CC923AF00AA9098 /* Segurança */ = {
			isa = PBXGroup;
			children = (
				C144871B1CEA41B200077835 /* Cells */,
				C1EF47BF1CD3757600EBF5E5 /* Utils.swift */,
				C13DCDB31CC924BA00AA9098 /* SecurityBaseController.swift */,
				C188E7AE1CCA3F3400644F01 /* MapViewController.swift */,
				C13DCDAF1CC923CB00AA9098 /* SecurityTableViewController.swift */,
				C188AB6E1CD7614800A8A8AE /* DetailTableViewController */,
			);
			name = "Segurança";
			sourceTree = "<group>";
		};
		C14487161CEA360000077835 /* Font */ = {
			isa = PBXGroup;
			children = (
				C14487191CEA363800077835 /* Lato-Regular.ttf */,
				C17E7BC61CF2079A00291E7F /* Lato-Light.ttf */,
				C14487171CEA362A00077835 /* Lato-Bold.ttf */,
			);
			name = Font;
			sourceTree = "<group>";
		};
		C144871B1CEA41B200077835 /* Cells */ = {
			isa = PBXGroup;
			children = (
				C17C45A01CEB271E007B3822 /* PspTableViewCell.xib */,
				C17C459E1CEB2711007B3822 /* GnrTableViewCell.xib */,
				C1729E1F1CEB381800F0681C /* GnrTableViewCell.swift */,
				C1729E211CEB38E600F0681C /* PspTableViewCell.swift */,
			);
			name = Cells;
			sourceTree = "<group>";
		};
		C154F7CC1CC7D3B600A8A171 /* Builders */ = {
			isa = PBXGroup;
			children = (
				C1A08DCF1CC40D5400906EFE /* ServiceBuilder.swift */,
				C13DCDAB1CC8DF0600AA9098 /* GnrBuilder.swift */,
				C188E7A81CCA3ADC00644F01 /* PSPBuilder.swift */,
			);
			name = Builders;
			sourceTree = "<group>";
		};
		C188AB6E1CD7614800A8A8AE /* DetailTableViewController */ = {
			isa = PBXGroup;
			children = (
				C188AB6F1CD7616A00A8A8AE /* DetailTableViewController.swift */,
				C188AB711CD7617C00A8A8AE /* DetailTableViewCell.swift */,
			);
			name = DetailTableViewController;
			sourceTree = "<group>";
		};
		C18A82321CBC255500FB3087 = {
			isa = PBXGroup;
			children = (
				C1DF40DA1CD22AB2003D6156 /* CoreLocation.framework */,
				C1DF40D81CD2194A003D6156 /* MapKit.framework */,
				C18A823D1CBC255500FB3087 /* maiMobile-iOS */,
				C18A823C1CBC255500FB3087 /* Products */,
			);
			sourceTree = "<group>";
		};
		C18A823C1CBC255500FB3087 /* Products */ = {
			isa = PBXGroup;
			children = (
				C18A823B1CBC255500FB3087 /* maiMobile-iOS.app */,
			);
			name = Products;
			sourceTree = "<group>";
		};
		C18A823D1CBC255500FB3087 /* maiMobile-iOS */ = {
			isa = PBXGroup;
			children = (
				C14487161CEA360000077835 /* Font */,
				C18A823E1CBC255500FB3087 /* AppDelegate.swift */,
				C1FE35231CBD4D1400F7B745 /* WebServices */,
				C1FA47C91CC664DF00458920 /* Model */,
				C154F7CC1CC7D3B600A8A171 /* Builders */,
				C1FE35261CBD57A200F7B745 /* Parsers */,
				C1E7AC311CBE9F11004D00A3 /* MaiAPI.swift */,
				C1E7AC331CBEA56C004D00A3 /* Fetcher.swift */,
				C13DCDAD1CC9239100AA9098 /* Main ViewControllers */,
				C18A82421CBC255500FB3087 /* Main.storyboard */,
				C18A82481CBC255500FB3087 /* Assets.xcassets */,
				C18A824A1CBC255500FB3087 /* LaunchScreen.storyboard */,
				C18A824D1CBC255500FB3087 /* Info.plist */,
				C18A82451CBC255500FB3087 /* maiMobile_iOS.xcdatamodeld */,
			);
			path = "maiMobile-iOS";
			sourceTree = "<group>";
		};
		C1FA47C81CC664B400458920 /* MaiServices */ = {
			isa = PBXGroup;
			children = (
				C154F7C61CC7C48300A8A171 /* ServicesTableViewCell.swift */,
				C154F7C71CC7C48300A8A171 /* ServicesTableViewCell.xib */,
				C1FA47A51CC64D0E00458920 /* ServiceController.swift */,
				C1FA47CA1CC674B700458920 /* ServicesTableViewController.swift */,
				C154F7C01CC6A46200A8A171 /* FeaturedTableViewController.swift */,
			);
			name = MaiServices;
			sourceTree = "<group>";
		};
		C1FA47C91CC664DF00458920 /* Model */ = {
			isa = PBXGroup;
			children = (
				C188E7A51CCA3AB200644F01 /* Psp.swift */,
				C1C490A61CE1EB1700BB1019 /* Force.swift */,
				C13DCDA81CC8D9B300AA9098 /* Gnr.swift */,
				C12CB0DB1CC541E600758F19 /* Service.swift */,
				C154F7C21CC78C5C00A8A171 /* CoreDataStack.swift */,
			);
			name = Model;
			sourceTree = "<group>";
		};
		C1FE35231CBD4D1400F7B745 /* WebServices */ = {
			isa = PBXGroup;
			children = (
				C1FE35241CBD4D2A00F7B745 /* ServicesAPIService.swift */,
				C154F7CD1CC7F3B700A8A171 /* GnrAPIService.swift */,
				C188E7AA1CCA3D2800644F01 /* PspAPIService.swift */,
			);
			name = WebServices;
			sourceTree = "<group>";
		};
		C1FE35261CBD57A200F7B745 /* Parsers */ = {
			isa = PBXGroup;
			children = (
				C1FE35271CBD57B200F7B745 /* XMLParser.swift */,
				C154F7CA1CC7D37000A8A171 /* JSONParser.swift */,
			);
			name = Parsers;
			sourceTree = "<group>";
		};
/* End PBXGroup section */

/* Begin PBXNativeTarget section */
		C18A823A1CBC255500FB3087 /* maiMobile-iOS */ = {
			isa = PBXNativeTarget;
			buildConfigurationList = C18A82501CBC255500FB3087 /* Build configuration list for PBXNativeTarget "maiMobile-iOS" */;
			buildPhases = (
				C18A82371CBC255500FB3087 /* Sources */,
				C18A82381CBC255500FB3087 /* Frameworks */,
				C18A82391CBC255500FB3087 /* Resources */,
			);
			buildRules = (
			);
			dependencies = (
			);
			name = "maiMobile-iOS";
			productName = "maiMobile-iOS";
			productReference = C18A823B1CBC255500FB3087 /* maiMobile-iOS.app */;
			productType = "com.apple.product-type.application";
		};
/* End PBXNativeTarget section */

/* Begin PBXProject section */
		C18A82331CBC255500FB3087 /* Project object */ = {
			isa = PBXProject;
			attributes = {
				LastSwiftUpdateCheck = 0730;
				LastUpgradeCheck = 0730;
				ORGANIZATIONNAME = "WATERDOG mobile";
				TargetAttributes = {
					C18A823A1CBC255500FB3087 = {
						CreatedOnToolsVersion = 7.3;
						DevelopmentTeam = SUWJS93SXL;
					};
				};
			};
			buildConfigurationList = C18A82361CBC255500FB3087 /* Build configuration list for PBXProject "maiMobile-iOS" */;
			compatibilityVersion = "Xcode 3.2";
			developmentRegion = English;
			hasScannedForEncodings = 0;
			knownRegions = (
				en,
				Base,
			);
			mainGroup = C18A82321CBC255500FB3087;
			productRefGroup = C18A823C1CBC255500FB3087 /* Products */;
			projectDirPath = "";
			projectRoot = "";
			targets = (
				C18A823A1CBC255500FB3087 /* maiMobile-iOS */,
			);
		};
/* End PBXProject section */

/* Begin PBXResourcesBuildPhase section */
		C18A82391CBC255500FB3087 /* Resources */ = {
			isa = PBXResourcesBuildPhase;
			buildActionMask = 2147483647;
			files = (
				C18A824C1CBC255500FB3087 /* LaunchScreen.storyboard in Resources */,
				C14487181CEA362A00077835 /* Lato-Bold.ttf in Resources */,
				C154F7C91CC7C48300A8A171 /* ServicesTableViewCell.xib in Resources */,
				C18A82491CBC255500FB3087 /* Assets.xcassets in Resources */,
				C144871A1CEA363800077835 /* Lato-Regular.ttf in Resources */,
				C18A82441CBC255500FB3087 /* Main.storyboard in Resources */,
				C17C45A11CEB271E007B3822 /* PspTableViewCell.xib in Resources */,
				C17C459F1CEB2711007B3822 /* GnrTableViewCell.xib in Resources */,
			);
			runOnlyForDeploymentPostprocessing = 0;
		};
/* End PBXResourcesBuildPhase section */

/* Begin PBXSourcesBuildPhase section */
		C18A82371CBC255500FB3087 /* Sources */ = {
			isa = PBXSourcesBuildPhase;
			buildActionMask = 2147483647;
			files = (
				C13DCDAA1CC8D9B300AA9098 /* Gnr.swift in Sources */,
				C1FA47A61CC64D0E00458920 /* ServiceController.swift in Sources */,
				C18A823F1CBC255500FB3087 /* AppDelegate.swift in Sources */,
				C154F7CE1CC7F3B700A8A171 /* GnrAPIService.swift in Sources */,
				C154F7CB1CC7D37000A8A171 /* JSONParser.swift in Sources */,
				C1FE35251CBD4D2A00F7B745 /* ServicesAPIService.swift in Sources */,
				C154F7C31CC78C5C00A8A171 /* CoreDataStack.swift in Sources */,
				C188E7AF1CCA3F3400644F01 /* MapViewController.swift in Sources */,
				C18A82471CBC255500FB3087 /* maiMobile_iOS.xcdatamodeld in Sources */,
				C13DCDAC1CC8DF0600AA9098 /* GnrBuilder.swift in Sources */,
				C154F7C11CC6A46200A8A171 /* FeaturedTableViewController.swift in Sources */,
				C188AB701CD7616A00A8A8AE /* DetailTableViewController.swift in Sources */,
				C12CB0DC1CC541E600758F19 /* Service.swift in Sources */,
				C1764A4D1CEDCB9A00E9E7C4 /* WebViewController.swift in Sources */,
				C1E7AC321CBE9F11004D00A3 /* MaiAPI.swift in Sources */,
				C1729E221CEB38E600F0681C /* PspTableViewCell.swift in Sources */,
				C154F7C81CC7C48300A8A171 /* ServicesTableViewCell.swift in Sources */,
				C1FE35281CBD57B200F7B745 /* XMLParser.swift in Sources */,
				C188AB721CD7617C00A8A8AE /* DetailTableViewCell.swift in Sources */,
				C1E7AC341CBEA56C004D00A3 /* Fetcher.swift in Sources */,
				C13DCDB41CC924BA00AA9098 /* SecurityBaseController.swift in Sources */,
				C188E7AB1CCA3D2800644F01 /* PspAPIService.swift in Sources */,
				C188E7A71CCA3AB200644F01 /* Psp.swift in Sources */,
				C13DCDB01CC923CB00AA9098 /* SecurityTableViewController.swift in Sources */,
				C1A08DD01CC40D5400906EFE /* ServiceBuilder.swift in Sources */,
				C1EF47C01CD3757600EBF5E5 /* Utils.swift in Sources */,
				C188E7A91CCA3ADC00644F01 /* PSPBuilder.swift in Sources */,
				C1FA47CB1CC674B700458920 /* ServicesTableViewController.swift in Sources */,
				C1C490A81CE1EB1700BB1019 /* Force.swift in Sources */,
				C1729E201CEB381800F0681C /* GnrTableViewCell.swift in Sources */,
			);
			runOnlyForDeploymentPostprocessing = 0;
		};
/* End PBXSourcesBuildPhase section */

/* Begin PBXVariantGroup section */
		C18A82421CBC255500FB3087 /* Main.storyboard */ = {
			isa = PBXVariantGroup;
			children = (
				C18A82431CBC255500FB3087 /* Base */,
			);
			name = Main.storyboard;
			sourceTree = "<group>";
		};
		C18A824A1CBC255500FB3087 /* LaunchScreen.storyboard */ = {
			isa = PBXVariantGroup;
			children = (
				C18A824B1CBC255500FB3087 /* Base */,
			);
			name = LaunchScreen.storyboard;
			sourceTree = "<group>";
		};
/* End PBXVariantGroup section */

/* Begin XCBuildConfiguration section */
		C18A824E1CBC255500FB3087 /* Debug */ = {
			isa = XCBuildConfiguration;
			buildSettings = {
				ALWAYS_SEARCH_USER_PATHS = NO;
				CLANG_ANALYZER_NONNULL = YES;
				CLANG_CXX_LANGUAGE_STANDARD = "gnu++0x";
				CLANG_CXX_LIBRARY = "libc++";
				CLANG_ENABLE_MODULES = YES;
				CLANG_ENABLE_OBJC_ARC = YES;
				CLANG_WARN_BOOL_CONVERSION = YES;
				CLANG_WARN_CONSTANT_CONVERSION = YES;
				CLANG_WARN_DIRECT_OBJC_ISA_USAGE = YES_ERROR;
				CLANG_WARN_EMPTY_BODY = YES;
				CLANG_WARN_ENUM_CONVERSION = YES;
				CLANG_WARN_INT_CONVERSION = YES;
				CLANG_WARN_OBJC_ROOT_CLASS = YES_ERROR;
				CLANG_WARN_UNREACHABLE_CODE = YES;
				CLANG_WARN__DUPLICATE_METHOD_MATCH = YES;
				"CODE_SIGN_IDENTITY[sdk=iphoneos*]" = "iPhone Developer";
				COPY_PHASE_STRIP = NO;
				DEBUG_INFORMATION_FORMAT = dwarf;
				ENABLE_STRICT_OBJC_MSGSEND = YES;
				ENABLE_TESTABILITY = YES;
				GCC_C_LANGUAGE_STANDARD = gnu99;
				GCC_DYNAMIC_NO_PIC = NO;
				GCC_NO_COMMON_BLOCKS = YES;
				GCC_OPTIMIZATION_LEVEL = 0;
				GCC_PREPROCESSOR_DEFINITIONS = (
					"DEBUG=1",
					"$(inherited)",
				);
				GCC_WARN_64_TO_32_BIT_CONVERSION = YES;
				GCC_WARN_ABOUT_RETURN_TYPE = YES_ERROR;
				GCC_WARN_UNDECLARED_SELECTOR = YES;
				GCC_WARN_UNINITIALIZED_AUTOS = YES_AGGRESSIVE;
				GCC_WARN_UNUSED_FUNCTION = YES;
				GCC_WARN_UNUSED_VARIABLE = YES;
				IPHONEOS_DEPLOYMENT_TARGET = 9.3;
				MTL_ENABLE_DEBUG_INFO = YES;
				ONLY_ACTIVE_ARCH = YES;
				SDKROOT = iphoneos;
				SWIFT_OPTIMIZATION_LEVEL = "-Onone";
				TARGETED_DEVICE_FAMILY = "1,2";
			};
			name = Debug;
		};
		C18A824F1CBC255500FB3087 /* Release */ = {
			isa = XCBuildConfiguration;
			buildSettings = {
				ALWAYS_SEARCH_USER_PATHS = NO;
				CLANG_ANALYZER_NONNULL = YES;
				CLANG_CXX_LANGUAGE_STANDARD = "gnu++0x";
				CLANG_CXX_LIBRARY = "libc++";
				CLANG_ENABLE_MODULES = YES;
				CLANG_ENABLE_OBJC_ARC = YES;
				CLANG_WARN_BOOL_CONVERSION = YES;
				CLANG_WARN_CONSTANT_CONVERSION = YES;
				CLANG_WARN_DIRECT_OBJC_ISA_USAGE = YES_ERROR;
				CLANG_WARN_EMPTY_BODY = YES;
				CLANG_WARN_ENUM_CONVERSION = YES;
				CLANG_WARN_INT_CONVERSION = YES;
				CLANG_WARN_OBJC_ROOT_CLASS = YES_ERROR;
				CLANG_WARN_UNREACHABLE_CODE = YES;
				CLANG_WARN__DUPLICATE_METHOD_MATCH = YES;
				"CODE_SIGN_IDENTITY[sdk=iphoneos*]" = "iPhone Developer";
				COPY_PHASE_STRIP = NO;
				DEBUG_INFORMATION_FORMAT = "dwarf-with-dsym";
				ENABLE_NS_ASSERTIONS = NO;
				ENABLE_STRICT_OBJC_MSGSEND = YES;
				GCC_C_LANGUAGE_STANDARD = gnu99;
				GCC_NO_COMMON_BLOCKS = YES;
				GCC_WARN_64_TO_32_BIT_CONVERSION = YES;
				GCC_WARN_ABOUT_RETURN_TYPE = YES_ERROR;
				GCC_WARN_UNDECLARED_SELECTOR = YES;
				GCC_WARN_UNINITIALIZED_AUTOS = YES_AGGRESSIVE;
				GCC_WARN_UNUSED_FUNCTION = YES;
				GCC_WARN_UNUSED_VARIABLE = YES;
				IPHONEOS_DEPLOYMENT_TARGET = 9.3;
				MTL_ENABLE_DEBUG_INFO = NO;
				SDKROOT = iphoneos;
				TARGETED_DEVICE_FAMILY = "1,2";
				VALIDATE_PRODUCT = YES;
			};
			name = Release;
		};
		C18A82511CBC255500FB3087 /* Debug */ = {
			isa = XCBuildConfiguration;
			buildSettings = {
				ASSETCATALOG_COMPILER_APPICON_NAME = AppIcon;
				CODE_SIGN_IDENTITY = "iPhone Developer";
				INFOPLIST_FILE = "maiMobile-iOS/Info.plist";
				IPHONEOS_DEPLOYMENT_TARGET = 8.1;
				LD_RUNPATH_SEARCH_PATHS = "$(inherited) @executable_path/Frameworks";
				PRODUCT_BUNDLE_IDENTIFIER = "pt.gov.mai.mai-mobile";
				PRODUCT_NAME = "$(TARGET_NAME)";
			};
			name = Debug;
		};
		C18A82521CBC255500FB3087 /* Release */ = {
			isa = XCBuildConfiguration;
			buildSettings = {
				ASSETCATALOG_COMPILER_APPICON_NAME = AppIcon;
				CODE_SIGN_IDENTITY = "iPhone Developer";
				INFOPLIST_FILE = "maiMobile-iOS/Info.plist";
				IPHONEOS_DEPLOYMENT_TARGET = 8.1;
				LD_RUNPATH_SEARCH_PATHS = "$(inherited) @executable_path/Frameworks";
				PRODUCT_BUNDLE_IDENTIFIER = "pt.gov.mai.mai-mobile";
				PRODUCT_NAME = "$(TARGET_NAME)";
			};
			name = Release;
		};
/* End XCBuildConfiguration section */

/* Begin XCConfigurationList section */
		C18A82361CBC255500FB3087 /* Build configuration list for PBXProject "maiMobile-iOS" */ = {
			isa = XCConfigurationList;
			buildConfigurations = (
				C18A824E1CBC255500FB3087 /* Debug */,
				C18A824F1CBC255500FB3087 /* Release */,
			);
			defaultConfigurationIsVisible = 0;
			defaultConfigurationName = Release;
		};
		C18A82501CBC255500FB3087 /* Build configuration list for PBXNativeTarget "maiMobile-iOS" */ = {
			isa = XCConfigurationList;
			buildConfigurations = (
				C18A82511CBC255500FB3087 /* Debug */,
				C18A82521CBC255500FB3087 /* Release */,
			);
			defaultConfigurationIsVisible = 0;
			defaultConfigurationName = Release;
		};
/* End XCConfigurationList section */

/* Begin XCVersionGroup section */
		C18A82451CBC255500FB3087 /* maiMobile_iOS.xcdatamodeld */ = {
			isa = XCVersionGroup;
			children = (
				C18A82461CBC255500FB3087 /* maiMobile_iOS.xcdatamodel */,
			);
			currentVersion = C18A82461CBC255500FB3087 /* maiMobile_iOS.xcdatamodel */;
			path = maiMobile_iOS.xcdatamodeld;
			sourceTree = "<group>";
			versionGroupType = wrapper.xcdatamodel;
		};
/* End XCVersionGroup section */
	};
	rootObject = C18A82331CBC255500FB3087 /* Project object */;
}
